<?xml version="1.0" encoding="utf-8"?>
<Project ToolsVersion="4.0" xmlns="http://schemas.microsoft.com/developer/msbuild/2003">
  <ItemGroup>
    <ClInclude Include="DLL_API.h">
      <Filter>Header Files</Filter>
    </ClInclude>
    <ClInclude Include="resource.h">
      <Filter>Resource Files</Filter>
    </ClInclude>
    <ClInclude Include="OpenCLKernel.h">
      <Filter>OpenCL</Filter>
    </ClInclude>
    <ClInclude Include="OpenCLRaytracerModuleStub.h">
      <Filter>Header Files</Filter>
    </ClInclude>
  </ItemGroup>
  <ItemGroup>
    <Filter Include="Source Files">
      <UniqueIdentifier>{aa60e2c0-a270-48b4-9be0-9021591edbfc}</UniqueIdentifier>
    </Filter>
    <Filter Include="Header Files">
      <UniqueIdentifier>{3447f276-4cab-4573-af4c-98b430e765c5}</UniqueIdentifier>
    </Filter>
    <Filter Include="Resource Files">
      <UniqueIdentifier>{bf9f3bfe-3a65-4033-97e9-3650a08fcaa5}</UniqueIdentifier>
    </Filter>
    <Filter Include="OpenCL">
      <UniqueIdentifier>{28ed88d3-95ab-4ba0-9668-caa3e0e126a1}</UniqueIdentifier>
    </Filter>
  </ItemGroup>
  <ItemGroup>
    <ClCompile Include="OpenCLKernel.cpp">
      <Filter>OpenCL</Filter>
    </ClCompile>
    <ClCompile Include="OpenCLRaytracerModuleStub.cpp">
      <Filter>Source Files</Filter>
    </ClCompile>
  </ItemGroup>
  <ItemGroup>
    <None Include="Kernel.cl">
      <Filter>OpenCL</Filter>
    </None>
  </ItemGroup>
  <ItemGroup>
    <ResourceCompile Include="OpenCLRaytracerModule.rc">
      <Filter>Resource Files</Filter>
    </ResourceCompile>
  </ItemGroup>
</Project>